
Microsoft Visual Studio Solution File, Format Version 12.00
Project("{FAE04EC0-301F-11D3-BF4B-00C04F79EFBC}") = "eshop-microservices", "eshop-microservices\eshop-microservices.csproj", "{BFEE38B1-C96E-40E8-97BC-2B96312BE3BC}"
EndProject
Global
	GlobalSection(SolutionConfigurationPlatforms) = preSolution
		Debug|Any CPU = Debug|Any CPU
		Release|Any CPU = Release|Any CPU
	EndGlobalSection
	GlobalSection(ProjectConfigurationPlatforms) = postSolution
		{BFEE38B1-C96E-40E8-97BC-2B96312BE3BC}.Debug|Any CPU.ActiveCfg = Debug|Any CPU
		{BFEE38B1-C96E-40E8-97BC-2B96312BE3BC}.Debug|Any CPU.Build.0 = Debug|Any CPU
		{BFEE38B1-C96E-40E8-97BC-2B96312BE3BC}.Release|Any CPU.ActiveCfg = Release|Any CPU
		{BFEE38B1-C96E-40E8-97BC-2B96312BE3BC}.Release|Any CPU.Build.0 = Release|Any CPU
	EndGlobalSection
EndGlobal
